# This file is automatically @generated by pesde.
# It is not intended for manual editing.
format = 2
name = "pesde/setup_test"
version = "0.1.0"
target = "lune"

[graph."pesde/hello@1.0.2 lune"]
direct = ["hello", { name = "pesde/hello", version = "^1.0.2", index = "default" }, "standard"]

[graph."pesde/hello@1.0.2 lune".pkg_ref]
ref_ty = "pesde"
index_url = "https://github.com/pesde-pkg/index"
